# @generated by Move, please check-in and do not edit manually.

[move]
version = 2
manifest_digest = "023F3D2B3F77FDB3B2A8CEE620E9EE2A6F02E739555F13B794B94D936AABD59C"
deps_digest = "F8BBB0CCB2491CA29A3DF03D6F92277A4F3574266507ACD77214D37ECA3F3082"
dependencies = [
  { name = "Sui" },
]

[[move.package]]
name = "MoveStdlib"
source = { git = "https://github.com/MystenLabs/sui.git", rev = "framework/testnet", subdir = "crates\\sui-framework\\packages\\move-stdlib" }

[[move.package]]
name = "Sui"
source = { git = "https://github.com/MystenLabs/sui.git", rev = "framework/testnet", subdir = "crates/sui-framework/packages/sui-framework" }

dependencies = [
  { name = "MoveStdlib" },
]

[move.toolchain-version]
compiler-version = "1.26.0"
edition = "2024.beta"
flavor = "sui"

[env]

[env.devnet]
chain-id = "bd665407"
original-published-id = "0x780991d1168fc12a5082c6eba9b48d9b9b194b039fe4efd31d32eadd66e05477"
latest-published-id = "0x780991d1168fc12a5082c6eba9b48d9b9b194b039fe4efd31d32eadd66e05477"
published-version = "1"
